Microsoft Visual Studio Solution File, Format Version 12.00
# Visual Studio Version 17
VisualStudioVersion = 17.5.2.0
MinimumVisualStudioVersion = 10.0.40219.1
Project("{FAE04EC0-301F-11D3-BF4B-00C04F79EFBC}") = "KohonenKNNProjekt", "KohonenKNNProjekt.csproj", "{82FE3E83-C8EB-0041-A809-BF8DFD6FC9EA}"
EndProject
Global
	GlobalSection(SolutionConfigurationPlatforms) = preSolution
		Debug|Any CPU = Debug|Any CPU
		Release|Any CPU = Release|Any CPU
	EndGlobalSection
	GlobalSection(ProjectConfigurationPlatforms) = postSolution
		{82FE3E83-C8EB-0041-A809-BF8DFD6FC9EA}.Debug|Any CPU.ActiveCfg = Debug|Any CPU
		{82FE3E83-C8EB-0041-A809-BF8DFD6FC9EA}.Debug|Any CPU.Build.0 = Debug|Any CPU
		{82FE3E83-C8EB-0041-A809-BF8DFD6FC9EA}.Release|Any CPU.ActiveCfg = Release|Any CPU
		{82FE3E83-C8EB-0041-A809-BF8DFD6FC9EA}.Release|Any CPU.Build.0 = Release|Any CPU
	EndGlobalSection
	GlobalSection(SolutionProperties) = preSolution
		HideSolutionNode = FALSE
	EndGlobalSection
	GlobalSection(ExtensibilityGlobals) = postSolution
		SolutionGuid = {31CFB403-BDB4-4DE0-AFA1-4F2F7CD8A195}
	EndGlobalSection
EndGlobal
